
Microsoft Visual Studio Solution File, Format Version 12.00
# Visual Studio Version 17
VisualStudioVersion = 17.4.33213.308
MinimumVisualStudioVersion = 10.0.40219.1
Project("{FAE04EC0-301F-11D3-BF4B-00C04F79EFBC}") = "Inlamning", "Inlamning\Inlamning.csproj", "{2897D94A-67AC-4601-97AE-6247441A6DC7}"
EndProject
Global
	GlobalSection(SolutionConfigurationPlatforms) = preSolution
		Debug|Any CPU = Debug|Any CPU
		Release|Any CPU = Release|Any CPU
	EndGlobalSection
	GlobalSection(ProjectConfigurationPlatforms) = postSolution
		{2897D94A-67AC-4601-97AE-6247441A6DC7}.Debug|Any CPU.ActiveCfg = Debug|Any CPU
		{2897D94A-67AC-4601-97AE-6247441A6DC7}.Debug|Any CPU.Build.0 = Debug|Any CPU
		{2897D94A-67AC-4601-97AE-6247441A6DC7}.Release|Any CPU.ActiveCfg = Release|Any CPU
		{2897D94A-67AC-4601-97AE-6247441A6DC7}.Release|Any CPU.Build.0 = Release|Any CPU
	EndGlobalSection
	GlobalSection(SolutionProperties) = preSolution
		HideSolutionNode = FALSE
	EndGlobalSection
	GlobalSection(ExtensibilityGlobals) = postSolution
		SolutionGuid = {CC914E12-9D16-4EFE-BA41-0441B2EE7546}
	EndGlobalSection
EndGlobal
